[{<<"cowlib">>,
  {git,"https://github.com/ninenines/cowlib.git",
       {ref,"1eb7f4293a652adcfe43b1835d22c58d8def839f"}},
  0},
 {<<"gpte">>,
  {git,"https://github.com/ts-klassen/gpte.git",
       {ref,"96fc8e0f1915c35b87c8039e122f243a1abb2b50"}},
  0},
 {<<"jsone">>,
  {git,"https://github.com/sile/jsone.git",
       {ref,"e25344b6c202dd7ffe520c0fb623c1ac53b637df"}},
  0},
 {<<"klsn">>,
  {git,"https://github.com/ts-klassen/klsn.git",
       {ref,"e20f90637770b6ac2e6723552e3581737cefe3bb"}},
  0}].
